<?xml version="1.0" encoding="utf-8"?>
<Project ToolsVersion="4.0" xmlns="http://schemas.microsoft.com/developer/msbuild/2003">
  <ItemGroup>
    <Filter Include="Source Files">
      <UniqueIdentifier>{4FC737F1-C7A5-4376-A066-2A32D752A2FF}</UniqueIdentifier>
      <Extensions>cpp;c;cc;cxx;def;odl;idl;hpj;bat;asm;asmx</Extensions>
    </Filter>
    <Filter Include="Resource Files">
      <UniqueIdentifier>{67DA6AB6-F800-4c08-8B7A-83BB121AAD01}</UniqueIdentifier>
      <Extensions>rc;ico;cur;bmp;dlg;rc2;rct;bin;rgs;gif;jpg;jpeg;jpe;resx;tiff;tif;png;wav;mfcribbon-ms</Extensions>
    </Filter>
  </ItemGroup>
  <ItemGroup>
    <ClCompile Include="utils.cpp">
      <Filter>Source Files</Filter>
    </ClCompile>
    <ClCompile Include="combinate_compare.cpp">
      <Filter>Source Files</Filter>
    </ClCompile>
    <ClCompile Include="contour_cmp.cpp">
      <Filter>Source Files</Filter>
    </ClCompile>
    <ClCompile Include="double_compare.cpp">
      <Filter>Source Files</Filter>
    </ClCompile>
    <ClCompile Include="feature_cmp.cpp">
      <Filter>Source Files</Filter>
    </ClCompile>
    <ClCompile Include="feature_compare.cpp">
      <Filter>Source Files</Filter>
    </ClCompile>
    <ClCompile Include="feature_extract.cpp">
      <Filter>Source Files</Filter>
    </ClCompile>
    <ClCompile Include="feature_loader.cpp">
      <Filter>Source Files</Filter>
    </ClCompile>
    <ClCompile Include="feature_ml_loader.cpp">
      <Filter>Source Files</Filter>
    </ClCompile>
    <ClCompile Include="feature_ml_preprocess.cpp">
      <Filter>Source Files</Filter>
    </ClCompile>
    <ClCompile Include="feature_preprocess.cpp">
      <Filter>Source Files</Filter>
    </ClCompile>
    <ClCompile Include="hist_cmp.cpp">
      <Filter>Source Files</Filter>
    </ClCompile>
    <ClCompile Include="hsv_compare.cpp">
      <Filter>Source Files</Filter>
    </ClCompile>
    <ClCompile Include="main.cpp">
      <Filter>Source Files</Filter>
    </ClCompile>
    <ClCompile Include="ml.cpp">
      <Filter>Source Files</Filter>
    </ClCompile>
    <ClCompile Include="mssim_cmp.cpp">
      <Filter>Source Files</Filter>
    </ClCompile>
    <ClCompile Include="mssim_compare.cpp">
      <Filter>Source Files</Filter>
    </ClCompile>
    <ClCompile Include="old_main.cpp">
      <Filter>Source Files</Filter>
    </ClCompile>
    <ClCompile Include="pixel_cmp.cpp">
      <Filter>Source Files</Filter>
    </ClCompile>
    <ClCompile Include="pixel_compare.cpp">
      <Filter>Source Files</Filter>
    </ClCompile>
    <ClCompile Include="psnr_cmp.cpp">
      <Filter>Source Files</Filter>
    </ClCompile>
    <ClCompile Include="psnr_compare.cpp">
      <Filter>Source Files</Filter>
    </ClCompile>
    <ClCompile Include="ScoreReport.cpp">
      <Filter>Source Files</Filter>
    </ClCompile>
    <ClCompile Include="svm_compare.cpp">
      <Filter>Source Files</Filter>
    </ClCompile>
  </ItemGroup>
  <ItemGroup>
    <ClInclude Include="compare.h">
      <Filter>Source Files</Filter>
    </ClInclude>
    <ClInclude Include="core_cmp.h">
      <Filter>Source Files</Filter>
    </ClInclude>
    <ClInclude Include="feature_extract.h">
      <Filter>Source Files</Filter>
    </ClInclude>
    <ClInclude Include="feature_loader.h">
      <Filter>Source Files</Filter>
    </ClInclude>
    <ClInclude Include="feature_preprocess.h">
      <Filter>Source Files</Filter>
    </ClInclude>
    <ClInclude Include="method_report.h">
      <Filter>Source Files</Filter>
    </ClInclude>
    <ClInclude Include="ml.h">
      <Filter>Source Files</Filter>
    </ClInclude>
    <ClInclude Include="ScoreReport.h">
      <Filter>Source Files</Filter>
    </ClInclude>
    <ClInclude Include="utils.h">
      <Filter>Source Files</Filter>
    </ClInclude>
  </ItemGroup>
</Project>